
Microsoft Visual Studio Solution File, Format Version 12.00
# Visual Studio Version 16
VisualStudioVersion = 16.0.31129.286
MinimumVisualStudioVersion = 10.0.40219.1
Project("{FAE04EC0-301F-11D3-BF4B-00C04F79EFBC}") = "Ejercicio1", "Ejercicios1404\Ejercicio1.csproj", "{00154CA9-8E81-4F8E-8F0E-DD1916335426}"
EndProject
Project("{FAE04EC0-301F-11D3-BF4B-00C04F79EFBC}") = "Ejercicio2", "Ejercicio2\Ejercicio2\Ejercicio2.csproj", "{C5712F12-CD9B-4C0D-A26D-2059E724F0DA}"
EndProject
Project("{FAE04EC0-301F-11D3-BF4B-00C04F79EFBC}") = "Ejercicio3", "Ejercicio3\Ejercicio3.csproj", "{0680AFA7-42DA-49DE-BBD3-59293172D919}"
EndProject
Project("{FAE04EC0-301F-11D3-BF4B-00C04F79EFBC}") = "Ejercicio4", "Ejercicio4\Ejercicio4.csproj", "{CCA10172-FA81-4FD4-8C3C-5A4AB7F96F51}"
EndProject
Project("{FAE04EC0-301F-11D3-BF4B-00C04F79EFBC}") = "Ejercicio5", "Ejercicio5\Ejercicio5.csproj", "{1218B0D8-1A3E-41CC-9F8F-3541BC65E25B}"
EndProject
Project("{FAE04EC0-301F-11D3-BF4B-00C04F79EFBC}") = "Ejercicio6", "Ejercicio6\Ejercicio6.csproj", "{9DAD774A-3EEE-40D2-861D-4FA7DD0AEAB1}"
EndProject
Global
	GlobalSection(SolutionConfigurationPlatforms) = preSolution
		Debug|Any CPU = Debug|Any CPU
		Release|Any CPU = Release|Any CPU
	EndGlobalSection
	GlobalSection(ProjectConfigurationPlatforms) = postSolution
		{00154CA9-8E81-4F8E-8F0E-DD1916335426}.Debug|Any CPU.ActiveCfg = Debug|Any CPU
		{00154CA9-8E81-4F8E-8F0E-DD1916335426}.Debug|Any CPU.Build.0 = Debug|Any CPU
		{00154CA9-8E81-4F8E-8F0E-DD1916335426}.Release|Any CPU.ActiveCfg = Release|Any CPU
		{00154CA9-8E81-4F8E-8F0E-DD1916335426}.Release|Any CPU.Build.0 = Release|Any CPU
		{C5712F12-CD9B-4C0D-A26D-2059E724F0DA}.Debug|Any CPU.ActiveCfg = Debug|Any CPU
		{C5712F12-CD9B-4C0D-A26D-2059E724F0DA}.Debug|Any CPU.Build.0 = Debug|Any CPU
		{C5712F12-CD9B-4C0D-A26D-2059E724F0DA}.Release|Any CPU.ActiveCfg = Release|Any CPU
		{C5712F12-CD9B-4C0D-A26D-2059E724F0DA}.Release|Any CPU.Build.0 = Release|Any CPU
		{0680AFA7-42DA-49DE-BBD3-59293172D919}.Debug|Any CPU.ActiveCfg = Debug|Any CPU
		{0680AFA7-42DA-49DE-BBD3-59293172D919}.Debug|Any CPU.Build.0 = Debug|Any CPU
		{0680AFA7-42DA-49DE-BBD3-59293172D919}.Release|Any CPU.ActiveCfg = Release|Any CPU
		{0680AFA7-42DA-49DE-BBD3-59293172D919}.Release|Any CPU.Build.0 = Release|Any CPU
		{CCA10172-FA81-4FD4-8C3C-5A4AB7F96F51}.Debug|Any CPU.ActiveCfg = Debug|Any CPU
		{CCA10172-FA81-4FD4-8C3C-5A4AB7F96F51}.Debug|Any CPU.Build.0 = Debug|Any CPU
		{CCA10172-FA81-4FD4-8C3C-5A4AB7F96F51}.Release|Any CPU.ActiveCfg = Release|Any CPU
		{CCA10172-FA81-4FD4-8C3C-5A4AB7F96F51}.Release|Any CPU.Build.0 = Release|Any CPU
		{1218B0D8-1A3E-41CC-9F8F-3541BC65E25B}.Debug|Any CPU.ActiveCfg = Debug|Any CPU
		{1218B0D8-1A3E-41CC-9F8F-3541BC65E25B}.Debug|Any CPU.Build.0 = Debug|Any CPU
		{1218B0D8-1A3E-41CC-9F8F-3541BC65E25B}.Release|Any CPU.ActiveCfg = Release|Any CPU
		{1218B0D8-1A3E-41CC-9F8F-3541BC65E25B}.Release|Any CPU.Build.0 = Release|Any CPU
		{9DAD774A-3EEE-40D2-861D-4FA7DD0AEAB1}.Debug|Any CPU.ActiveCfg = Debug|Any CPU
		{9DAD774A-3EEE-40D2-861D-4FA7DD0AEAB1}.Debug|Any CPU.Build.0 = Debug|Any CPU
		{9DAD774A-3EEE-40D2-861D-4FA7DD0AEAB1}.Release|Any CPU.ActiveCfg = Release|Any CPU
		{9DAD774A-3EEE-40D2-861D-4FA7DD0AEAB1}.Release|Any CPU.Build.0 = Release|Any CPU
	EndGlobalSection
	GlobalSection(SolutionProperties) = preSolution
		HideSolutionNode = FALSE
	EndGlobalSection
	GlobalSection(ExtensibilityGlobals) = postSolution
		SolutionGuid = {3A8609C8-3B33-4E70-A59C-3F26F20DC331}
	EndGlobalSection
EndGlobal
